lockfileVersion: '9.0'

settings:
  autoInstallPeers: true
  excludeLinksFromLockfile: false

importers:

  .:
    devDependencies:
      '@ci-types/cjs':
        specifier: ^6.0.2-5
        version: 6.0.2-5
      typescript:
        specifier: ^5
        version: 5.9.3

packages:

  '@ci-types/cjs@6.0.2-5':
    resolution: {integrity: sha512-evU4UuSP6EVzkBZpNQI8cb2lkrbj/FH8g1ZUryzckoGxfeRfrM6BxFkfZTGNvJUSflMiHNsYI+UD/i16eXZTJg==}

  typescript@5.9.3:
    resolution: {integrity: sha512-jl1vZzPDinLr9eUt3J/t7V6FgNEw9QjvBPdysz9KfQDD41fQrC2Y4vKQdiaUpFT4bXlb1RHhLpp8wtm6M5TgSw==}
    engines: {node: '>=14.17'}
    hasBin: true

snapshots:

  '@ci-types/cjs@6.0.2-5': {}

  typescript@5.9.3: {}
